{
  "version": 4,
  "terraform_version": "1.12.2",
  "serial": 6,
  "lineage": "96452146-592f-1732-6fc5-d2ccc9f8e31f",
  "outputs": {
    "client_id": {
      "value": "376376807621918727",
      "type": "string",
      "sensitive": true
    },
    "project_id": {
      "value": "376376807571587079",
      "type": "string"
    }
  },
  "resources": [
    {
      "mode": "data",
      "type": "zitadel_orgs",
      "name": "all",
      "provider": "provider[\"registry.terraform.io/zitadel/zitadel\"]",
      "instances": [
        {
          "schema_version": 0,
          "attributes": {
            "domain": null,
            "domain_method": null,
            "id": "-",
            "ids": [
              "376376790240788487"
            ],
            "name": null,
            "name_method": "TEXT_QUERY_METHOD_EQUALS_IGNORE_CASE",
            "primary_domain": null,
            "state": null
          },
          "sensitive_attributes": [],
          "identity_schema_version": 0
        }
      ]
    },
    {
      "mode": "managed",
      "type": "zitadel_application_oidc",
      "name": "auth_client",
      "provider": "provider[\"registry.terraform.io/zitadel/zitadel\"]",
      "instances": [
        {
          "schema_version": 0,
          "attributes": {
            "access_token_role_assertion": false,
            "access_token_type": "OIDC_TOKEN_TYPE_BEARER",
            "additional_origins": [],
            "app_type": "OIDC_APP_TYPE_NATIVE",
            "auth_method_type": "OIDC_AUTH_METHOD_TYPE_NONE",
            "back_channel_logout_uri": "",
            "client_id": "376376807621918727",
            "client_secret": "",
            "clock_skew": "0s",
            "compliance_problems": [],
            "dev_mode": true,
            "grant_types": [
              "OIDC_GRANT_TYPE_AUTHORIZATION_CODE"
            ],
            "id": "376376807605141511",
            "id_token_role_assertion": false,
            "id_token_userinfo_assertion": false,
            "login_version": [],
            "name": "auth-client",
            "none_compliant": false,
            "org_id": "376376790240788487",
            "post_logout_redirect_uris": [],
            "project_id": "376376807571587079",
            "redirect_uris": [
              "http://localhost/callback"
            ],
            "response_types": [
              "OIDC_RESPONSE_TYPE_CODE"
            ],
            "skip_native_app_success_page": false,
            "version": "OIDC_VERSION_1_0"
          },
          "sensitive_attributes": [
            [
              {
                "type": "get_attr",
                "value": "client_id"
              }
            ],
            [
              {
                "type": "get_attr",
                "value": "client_secret"
              }
            ]
          ],
          "identity_schema_version": 0,
          "private": "bnVsbA==",
          "dependencies": [
            "data.zitadel_orgs.all",
            "zitadel_project.inno_agent"
          ]
        }
      ]
    },
    {
      "mode": "managed",
      "type": "zitadel_project",
      "name": "inno_agent",
      "provider": "provider[\"registry.terraform.io/zitadel/zitadel\"]",
      "instances": [
        {
          "schema_version": 0,
          "attributes": {
            "has_project_check": false,
            "id": "376376807571587079",
            "name": "inno-agent",
            "org_id": "376376790240788487",
            "private_labeling_setting": "PRIVATE_LABELING_SETTING_UNSPECIFIED",
            "project_role_assertion": false,
            "project_role_check": false,
            "state": "PROJECT_STATE_ACTIVE"
          },
          "sensitive_attributes": [],
          "identity_schema_version": 0,
          "private": "bnVsbA==",
          "dependencies": [
            "data.zitadel_orgs.all"
          ]
        }
      ]
    },
    {
      "mode": "managed",
      "type": "zitadel_project_role",
      "name": "admin",
      "provider": "provider[\"registry.terraform.io/zitadel/zitadel\"]",
      "instances": [
        {
          "schema_version": 0,
          "attributes": {
            "display_name": "Admin",
            "group": "",
            "id": "376376790240788487_376376807571587079_admin",
            "org_id": "376376790240788487",
            "project_id": "376376807571587079",
            "role_key": "admin"
          },
          "sensitive_attributes": [],
          "identity_schema_version": 0,
          "private": "bnVsbA==",
          "dependencies": [
            "data.zitadel_orgs.all",
            "zitadel_project.inno_agent"
          ]
        }
      ]
    },
    {
      "mode": "managed",
      "type": "zitadel_project_role",
      "name": "user",
      "provider": "provider[\"registry.terraform.io/zitadel/zitadel\"]",
      "instances": [
        {
          "schema_version": 0,
          "attributes": {
            "display_name": "User",
            "group": "",
            "id": "376376790240788487_376376807571587079_user",
            "org_id": "376376790240788487",
            "project_id": "376376807571587079",
            "role_key": "user"
          },
          "sensitive_attributes": [],
          "identity_schema_version": 0,
          "private": "bnVsbA==",
          "dependencies": [
            "data.zitadel_orgs.all",
            "zitadel_project.inno_agent"
          ]
        }
      ]
    }
  ],
  "check_results": null
}
